
Microsoft Visual Studio Solution File, Format Version 12.00
# Visual Studio Version 16
VisualStudioVersion = 16.0.29324.140
MinimumVisualStudioVersion = 10.0.40219.1
Project("{888888A0-9F3D-457C-B088-3A5042F75D52}") = "MYAI", "MYAI.pyproj", "{1BF80171-3299-4661-BF06-D92A9A162EC0}"
EndProject
Global
	GlobalSection(SolutionConfigurationPlatforms) = preSolution
		Debug|Any CPU = Debug|Any CPU
		Release|Any CPU = Release|Any CPU
	EndGlobalSection
	GlobalSection(ProjectConfigurationPlatforms) = postSolution
		{1BF80171-3299-4661-BF06-D92A9A162EC0}.Debug|Any CPU.ActiveCfg = Debug|Any CPU
		{1BF80171-3299-4661-BF06-D92A9A162EC0}.Release|Any CPU.ActiveCfg = Release|Any CPU
	EndGlobalSection
	GlobalSection(SolutionProperties) = preSolution
		HideSolutionNode = FALSE
	EndGlobalSection
	GlobalSection(ExtensibilityGlobals) = postSolution
		SolutionGuid = {9036E9C6-F78A-417C-948E-7AC49675A2ED}
	EndGlobalSection
EndGlobal
